// !$*UTF8*$!
{
	archiveVersion = 1;
	classes = {
	};
	objectVersion = 56;
	objects = {

/* Begin PBXBuildFile section */
		18877B3D2A99E73600BAD5FC /* NetworkClient.swift in Sources */ = {isa = PBXBuildFile; fileRef = 18877B382A99E73500BAD5FC /* NetworkClient.swift */; };
		18877B3E2A99E73600BAD5FC /* URLSessionProtocol.swift in Sources */ = {isa = PBXBuildFile; fileRef = 18877B392A99E73500BAD5FC /* URLSessionProtocol.swift */; };
		18877B3F2A99E73600BAD5FC /* NetworkError.swift in Sources */ = {isa = PBXBuildFile; fileRef = 18877B3A2A99E73600BAD5FC /* NetworkError.swift */; };
		18877B402A99E73600BAD5FC /* Endpoint.swift in Sources */ = {isa = PBXBuildFile; fileRef = 18877B3B2A99E73600BAD5FC /* Endpoint.swift */; };
		18877B452A99E83A00BAD5FC /* PropertiesService.swift in Sources */ = {isa = PBXBuildFile; fileRef = 18877B442A99E83A00BAD5FC /* PropertiesService.swift */; };
		18877B472A99E8FA00BAD5FC /* PropertiesEndpoint.swift in Sources */ = {isa = PBXBuildFile; fileRef = 18877B462A99E8FA00BAD5FC /* PropertiesEndpoint.swift */; };
		18877B4B2A99ED4100BAD5FC /* PropertiesResponse.swift in Sources */ = {isa = PBXBuildFile; fileRef = 18877B4A2A99ED4100BAD5FC /* PropertiesResponse.swift */; };
		18877B4D2A99F22600BAD5FC /* Constants.swift in Sources */ = {isa = PBXBuildFile; fileRef = 18877B4C2A99F22600BAD5FC /* Constants.swift */; };
		18877B4F2A99F76000BAD5FC /* HotelListView.swift in Sources */ = {isa = PBXBuildFile; fileRef = 18877B4E2A99F76000BAD5FC /* HotelListView.swift */; };
		18877B512A99F88C00BAD5FC /* HotelListViewModel.swift in Sources */ = {isa = PBXBuildFile; fileRef = 18877B502A99F88C00BAD5FC /* HotelListViewModel.swift */; };
		18877B552A99FA3100BAD5FC /* HotelSearchView.swift in Sources */ = {isa = PBXBuildFile; fileRef = 18877B542A99FA3100BAD5FC /* HotelSearchView.swift */; };
		18877B572A99FB2800BAD5FC /* HotelSearchViewModel.swift in Sources */ = {isa = PBXBuildFile; fileRef = 18877B562A99FB2800BAD5FC /* HotelSearchViewModel.swift */; };
		18877B592A9A149A00BAD5FC /* UIApplication+SafeArea.swift in Sources */ = {isa = PBXBuildFile; fileRef = 18877B582A9A149A00BAD5FC /* UIApplication+SafeArea.swift */; };
		18877B5B2A9A294800BAD5FC /* ListBody.swift in Sources */ = {isa = PBXBuildFile; fileRef = 18877B5A2A9A294800BAD5FC /* ListBody.swift */; };
		18877B5D2A9A418100BAD5FC /* NetworkClientTests.swift in Sources */ = {isa = PBXBuildFile; fileRef = 18877B5C2A9A418100BAD5FC /* NetworkClientTests.swift */; };
		18877B612A9A428600BAD5FC /* URLSessionMock.swift in Sources */ = {isa = PBXBuildFile; fileRef = 18877B602A9A428600BAD5FC /* URLSessionMock.swift */; };
		18A721252A9FBA6B0068C6FD /* MockPropertiesService.swift in Sources */ = {isa = PBXBuildFile; fileRef = 18A721242A9FBA6B0068C6FD /* MockPropertiesService.swift */; };
		18A721272A9FBC690068C6FD /* Property.json in Resources */ = {isa = PBXBuildFile; fileRef = 18A721262A9FBC690068C6FD /* Property.json */; };
		18C8ED712A9A498A004CEE2A /* Response_Valid.json in Resources */ = {isa = PBXBuildFile; fileRef = 18C8ED702A9A498A004CEE2A /* Response_Valid.json */; };
		18C8ED732A9A4F3B004CEE2A /* HotelRow.swift in Sources */ = {isa = PBXBuildFile; fileRef = 18C8ED722A9A4F3B004CEE2A /* HotelRow.swift */; };
		18C8ED752A9E331B004CEE2A /* FilterView.swift in Sources */ = {isa = PBXBuildFile; fileRef = 18C8ED742A9E331B004CEE2A /* FilterView.swift */; };
		18C8ED792A9E344B004CEE2A /* RatingView.swift in Sources */ = {isa = PBXBuildFile; fileRef = 18C8ED782A9E344B004CEE2A /* RatingView.swift */; };
		18C8ED7B2A9E3486004CEE2A /* RangedSliderView.swift in Sources */ = {isa = PBXBuildFile; fileRef = 18C8ED7A2A9E3486004CEE2A /* RangedSliderView.swift */; };
		18E23CA12A9F777400A8B0E0 /* HotelDetailsView.swift in Sources */ = {isa = PBXBuildFile; fileRef = 18E23CA02A9F777400A8B0E0 /* HotelDetailsView.swift */; };
		18E23CA62A9F9E9200A8B0E0 /* DateSelectionView.swift in Sources */ = {isa = PBXBuildFile; fileRef = 18E23CA52A9F9E9200A8B0E0 /* DateSelectionView.swift */; };
		18E23CA82A9F9EAD00A8B0E0 /* DateSelectionViewModel.swift in Sources */ = {isa = PBXBuildFile; fileRef = 18E23CA72A9F9EAD00A8B0E0 /* DateSelectionViewModel.swift */; };
		18E23CAA2A9FA2F600A8B0E0 /* NumberSelectionView.swift in Sources */ = {isa = PBXBuildFile; fileRef = 18E23CA92A9FA2F600A8B0E0 /* NumberSelectionView.swift */; };
		18E23CAC2A9FA33E00A8B0E0 /* NumberSelectionViewModel.swift in Sources */ = {isa = PBXBuildFile; fileRef = 18E23CAB2A9FA33E00A8B0E0 /* NumberSelectionViewModel.swift */; };
		F9BF20DB2A6A896E006C0C49 /* ShackleHotelBuddyApp.swift in Sources */ = {isa = PBXBuildFile; fileRef = F9BF20DA2A6A896E006C0C49 /* ShackleHotelBuddyApp.swift */; };
		F9BF20DF2A6A8970006C0C49 /* Assets.xcassets in Resources */ = {isa = PBXBuildFile; fileRef = F9BF20DE2A6A8970006C0C49 /* Assets.xcassets */; };
		F9BF20EC2A6A8971006C0C49 /* ShackleHotelBuddyTests.swift in Sources */ = {isa = PBXBuildFile; fileRef = F9BF20EB2A6A8971006C0C49 /* ShackleHotelBuddyTests.swift */; };
		F9BF20F62A6A8971006C0C49 /* ShackleHotelBuddyUITests.swift in Sources */ = {isa = PBXBuildFile; fileRef = F9BF20F52A6A8971006C0C49 /* ShackleHotelBuddyUITests.swift */; };
		F9BF20F82A6A8971006C0C49 /* ShackleHotelBuddyUITestsLaunchTests.swift in Sources */ = {isa = PBXBuildFile; fileRef = F9BF20F72A6A8971006C0C49 /* ShackleHotelBuddyUITestsLaunchTests.swift */; };
/* End PBXBuildFile section */

/* Begin PBXContainerItemProxy section */
		F9BF20E82A6A8971006C0C49 /* PBXContainerItemProxy */ = {
			isa = PBXContainerItemProxy;
			containerPortal = F9BF20CF2A6A896E006C0C49 /* Project object */;
			proxyType = 1;
			remoteGlobalIDString = F9BF20D62A6A896E006C0C49;
			remoteInfo = ShackleHotelBuddy;
		};
		F9BF20F22A6A8971006C0C49 /* PBXContainerItemProxy */ = {
			isa = PBXContainerItemProxy;
			containerPortal = F9BF20CF2A6A896E006C0C49 /* Project object */;
			proxyType = 1;
			remoteGlobalIDString = F9BF20D62A6A896E006C0C49;
			remoteInfo = ShackleHotelBuddy;
		};
/* End PBXContainerItemProxy section */

/* Begin PBXFileReference section */
		18877B382A99E73500BAD5FC /* NetworkClient.swift */ = {isa = PBXFileReference; fileEncoding = 4; lastKnownFileType = sourcecode.swift; path = NetworkClient.swift; sourceTree = "<group>"; };
		18877B392A99E73500BAD5FC /* URLSessionProtocol.swift */ = {isa = PBXFileReference; fileEncoding = 4; lastKnownFileType = sourcecode.swift; path = URLSessionProtocol.swift; sourceTree = "<group>"; };
		18877B3A2A99E73600BAD5FC /* NetworkError.swift */ = {isa = PBXFileReference; fileEncoding = 4; lastKnownFileType = sourcecode.swift; path = NetworkError.swift; sourceTree = "<group>"; };
		18877B3B2A99E73600BAD5FC /* Endpoint.swift */ = {isa = PBXFileReference; fileEncoding = 4; lastKnownFileType = sourcecode.swift; path = Endpoint.swift; sourceTree = "<group>"; };
		18877B442A99E83A00BAD5FC /* PropertiesService.swift */ = {isa = PBXFileReference; lastKnownFileType = sourcecode.swift; path = PropertiesService.swift; sourceTree = "<group>"; };
		18877B462A99E8FA00BAD5FC /* PropertiesEndpoint.swift */ = {isa = PBXFileReference; lastKnownFileType = sourcecode.swift; path = PropertiesEndpoint.swift; sourceTree = "<group>"; };
		18877B4A2A99ED4100BAD5FC /* PropertiesResponse.swift */ = {isa = PBXFileReference; lastKnownFileType = sourcecode.swift; path = PropertiesResponse.swift; sourceTree = "<group>"; };
		18877B4C2A99F22600BAD5FC /* Constants.swift */ = {isa = PBXFileReference; lastKnownFileType = sourcecode.swift; path = Constants.swift; sourceTree = "<group>"; };
		18877B4E2A99F76000BAD5FC /* HotelListView.swift */ = {isa = PBXFileReference; lastKnownFileType = sourcecode.swift; path = HotelListView.swift; sourceTree = "<group>"; };
		18877B502A99F88C00BAD5FC /* HotelListViewModel.swift */ = {isa = PBXFileReference; lastKnownFileType = sourcecode.swift; path = HotelListViewModel.swift; sourceTree = "<group>"; };
		18877B542A99FA3100BAD5FC /* HotelSearchView.swift */ = {isa = PBXFileReference; lastKnownFileType = sourcecode.swift; path = HotelSearchView.swift; sourceTree = "<group>"; };
		18877B562A99FB2800BAD5FC /* HotelSearchViewModel.swift */ = {isa = PBXFileReference; lastKnownFileType = sourcecode.swift; path = HotelSearchViewModel.swift; sourceTree = "<group>"; };
		18877B582A9A149A00BAD5FC /* UIApplication+SafeArea.swift */ = {isa = PBXFileReference; lastKnownFileType = sourcecode.swift; path = "UIApplication+SafeArea.swift"; sourceTree = "<group>"; };
		18877B5A2A9A294800BAD5FC /* ListBody.swift */ = {isa = PBXFileReference; lastKnownFileType = sourcecode.swift; path = ListBody.swift; sourceTree = "<group>"; };
		18877B5C2A9A418100BAD5FC /* NetworkClientTests.swift */ = {isa = PBXFileReference; lastKnownFileType = sourcecode.swift; path = NetworkClientTests.swift; sourceTree = "<group>"; };
		18877B602A9A428600BAD5FC /* URLSessionMock.swift */ = {isa = PBXFileReference; lastKnownFileType = sourcecode.swift; path = URLSessionMock.swift; sourceTree = "<group>"; };
		18A721242A9FBA6B0068C6FD /* MockPropertiesService.swift */ = {isa = PBXFileReference; lastKnownFileType = sourcecode.swift; path = MockPropertiesService.swift; sourceTree = "<group>"; };
		18A721262A9FBC690068C6FD /* Property.json */ = {isa = PBXFileReference; lastKnownFileType = text.json; path = Property.json; sourceTree = "<group>"; };
		18C8ED702A9A498A004CEE2A /* Response_Valid.json */ = {isa = PBXFileReference; lastKnownFileType = text.json; path = Response_Valid.json; sourceTree = "<group>"; };
		18C8ED722A9A4F3B004CEE2A /* HotelRow.swift */ = {isa = PBXFileReference; lastKnownFileType = sourcecode.swift; path = HotelRow.swift; sourceTree = "<group>"; };
		18C8ED742A9E331B004CEE2A /* FilterView.swift */ = {isa = PBXFileReference; lastKnownFileType = sourcecode.swift; path = FilterView.swift; sourceTree = "<group>"; };
		18C8ED782A9E344B004CEE2A /* RatingView.swift */ = {isa = PBXFileReference; lastKnownFileType = sourcecode.swift; path = RatingView.swift; sourceTree = "<group>"; };
		18C8ED7A2A9E3486004CEE2A /* RangedSliderView.swift */ = {isa = PBXFileReference; lastKnownFileType = sourcecode.swift; path = RangedSliderView.swift; sourceTree = "<group>"; };
		18E23CA02A9F777400A8B0E0 /* HotelDetailsView.swift */ = {isa = PBXFileReference; lastKnownFileType = sourcecode.swift; path = HotelDetailsView.swift; sourceTree = "<group>"; };
		18E23CA52A9F9E9200A8B0E0 /* DateSelectionView.swift */ = {isa = PBXFileReference; lastKnownFileType = sourcecode.swift; path = DateSelectionView.swift; sourceTree = "<group>"; };
		18E23CA72A9F9EAD00A8B0E0 /* DateSelectionViewModel.swift */ = {isa = PBXFileReference; lastKnownFileType = sourcecode.swift; path = DateSelectionViewModel.swift; sourceTree = "<group>"; };
		18E23CA92A9FA2F600A8B0E0 /* NumberSelectionView.swift */ = {isa = PBXFileReference; lastKnownFileType = sourcecode.swift; path = NumberSelectionView.swift; sourceTree = "<group>"; };
		18E23CAB2A9FA33E00A8B0E0 /* NumberSelectionViewModel.swift */ = {isa = PBXFileReference; lastKnownFileType = sourcecode.swift; path = NumberSelectionViewModel.swift; sourceTree = "<group>"; };
		F9BF20D72A6A896E006C0C49 /* ShackleHotelBuddy.app */ = {isa = PBXFileReference; explicitFileType = wrapper.application; includeInIndex = 0; path = ShackleHotelBuddy.app; sourceTree = BUILT_PRODUCTS_DIR; };
		F9BF20DA2A6A896E006C0C49 /* ShackleHotelBuddyApp.swift */ = {isa = PBXFileReference; lastKnownFileType = sourcecode.swift; path = ShackleHotelBuddyApp.swift; sourceTree = "<group>"; };
		F9BF20DE2A6A8970006C0C49 /* Assets.xcassets */ = {isa = PBXFileReference; lastKnownFileType = folder.assetcatalog; path = Assets.xcassets; sourceTree = "<group>"; };
		F9BF20E72A6A8971006C0C49 /* ShackleHotelBuddyTests.xctest */ = {isa = PBXFileReference; explicitFileType = wrapper.cfbundle; includeInIndex = 0; path = ShackleHotelBuddyTests.xctest; sourceTree = BUILT_PRODUCTS_DIR; };
		F9BF20EB2A6A8971006C0C49 /* ShackleHotelBuddyTests.swift */ = {isa = PBXFileReference; lastKnownFileType = sourcecode.swift; path = ShackleHotelBuddyTests.swift; sourceTree = "<group>"; };
		F9BF20F12A6A8971006C0C49 /* ShackleHotelBuddyUITests.xctest */ = {isa = PBXFileReference; explicitFileType = wrapper.cfbundle; includeInIndex = 0; path = ShackleHotelBuddyUITests.xctest; sourceTree = BUILT_PRODUCTS_DIR; };
		F9BF20F52A6A8971006C0C49 /* ShackleHotelBuddyUITests.swift */ = {isa = PBXFileReference; lastKnownFileType = sourcecode.swift; path = ShackleHotelBuddyUITests.swift; sourceTree = "<group>"; };
		F9BF20F72A6A8971006C0C49 /* ShackleHotelBuddyUITestsLaunchTests.swift */ = {isa = PBXFileReference; lastKnownFileType = sourcecode.swift; path = ShackleHotelBuddyUITestsLaunchTests.swift; sourceTree = "<group>"; };
/* End PBXFileReference section */

/* Begin PBXFrameworksBuildPhase section */
		F9BF20D42A6A896E006C0C49 /* Frameworks */ = {
			isa = PBXFrameworksBuildPhase;
			buildActionMask = 2147483647;
			files = (
			);
			runOnlyForDeploymentPostprocessing = 0;
		};
		F9BF20E42A6A8971006C0C49 /* Frameworks */ = {
			isa = PBXFrameworksBuildPhase;
			buildActionMask = 2147483647;
			files = (
			);
			runOnlyForDeploymentPostprocessing = 0;
		};
		F9BF20EE2A6A8971006C0C49 /* Frameworks */ = {
			isa = PBXFrameworksBuildPhase;
			buildActionMask = 2147483647;
			files = (
			);
			runOnlyForDeploymentPostprocessing = 0;
		};
/* End PBXFrameworksBuildPhase section */

/* Begin PBXGroup section */
		18877B362A99E71000BAD5FC /* Networking */ = {
			isa = PBXGroup;
			children = (
				18877B3B2A99E73600BAD5FC /* Endpoint.swift */,
				18877B3A2A99E73600BAD5FC /* NetworkError.swift */,
				18877B382A99E73500BAD5FC /* NetworkClient.swift */,
				18877B392A99E73500BAD5FC /* URLSessionProtocol.swift */,
			);
			path = Networking;
			sourceTree = "<group>";
		};
		18877B432A99E82C00BAD5FC /* Services */ = {
			isa = PBXGroup;
			children = (
				18877B442A99E83A00BAD5FC /* PropertiesService.swift */,
			);
			path = Services;
			sourceTree = "<group>";
		};
		18877B482A99E90C00BAD5FC /* Endpoints */ = {
			isa = PBXGroup;
			children = (
				18877B462A99E8FA00BAD5FC /* PropertiesEndpoint.swift */,
			);
			path = Endpoints;
			sourceTree = "<group>";
		};
		18877B492A99ED2B00BAD5FC /* Models */ = {
			isa = PBXGroup;
			children = (
				18877B4A2A99ED4100BAD5FC /* PropertiesResponse.swift */,
				18877B4C2A99F22600BAD5FC /* Constants.swift */,
				18877B5A2A9A294800BAD5FC /* ListBody.swift */,
			);
			path = Models;
			sourceTree = "<group>";
		};
		18877B522A99FA0500BAD5FC /* HotelList */ = {
			isa = PBXGroup;
			children = (
				18877B4E2A99F76000BAD5FC /* HotelListView.swift */,
				18877B502A99F88C00BAD5FC /* HotelListViewModel.swift */,
				18C8ED722A9A4F3B004CEE2A /* HotelRow.swift */,
			);
			path = HotelList;
			sourceTree = "<group>";
		};
		18877B532A99FA0D00BAD5FC /* Views */ = {
			isa = PBXGroup;
			children = (
				18877B522A99FA0500BAD5FC /* HotelList */,
				18C8ED772A9E33F5004CEE2A /* HotelSearch */,
				18C8ED762A9E3320004CEE2A /* FilterView */,
				18E23CA22A9F777800A8B0E0 /* HotelDetails */,
			);
			path = Views;
			sourceTree = "<group>";
		};
		18877B5E2A9A426B00BAD5FC /* Networking */ = {
			isa = PBXGroup;
			children = (
				18877B5F2A9A427300BAD5FC /* Mocks */,
				18877B5C2A9A418100BAD5FC /* NetworkClientTests.swift */,
			);
			path = Networking;
			sourceTree = "<group>";
		};
		18877B5F2A9A427300BAD5FC /* Mocks */ = {
			isa = PBXGroup;
			children = (
				18877B602A9A428600BAD5FC /* URLSessionMock.swift */,
				18C8ED702A9A498A004CEE2A /* Response_Valid.json */,
			);
			path = Mocks;
			sourceTree = "<group>";
		};
		18C8ED762A9E3320004CEE2A /* FilterView */ = {
			isa = PBXGroup;
			children = (
				18C8ED742A9E331B004CEE2A /* FilterView.swift */,
				18C8ED782A9E344B004CEE2A /* RatingView.swift */,
				18C8ED7A2A9E3486004CEE2A /* RangedSliderView.swift */,
			);
			path = FilterView;
			sourceTree = "<group>";
		};
		18C8ED772A9E33F5004CEE2A /* HotelSearch */ = {
			isa = PBXGroup;
			children = (
				18877B542A99FA3100BAD5FC /* HotelSearchView.swift */,
				18877B562A99FB2800BAD5FC /* HotelSearchViewModel.swift */,
				18E23CAE2A9FA35300A8B0E0 /* DateSelection */,
				18E23CAD2A9FA34A00A8B0E0 /* NumberSelection */,
			);
			path = HotelSearch;
			sourceTree = "<group>";
		};
		18E23CA22A9F777800A8B0E0 /* HotelDetails */ = {
			isa = PBXGroup;
			children = (
				18E23CA02A9F777400A8B0E0 /* HotelDetailsView.swift */,
			);
			path = HotelDetails;
			sourceTree = "<group>";
		};
		18E23CAD2A9FA34A00A8B0E0 /* NumberSelection */ = {
			isa = PBXGroup;
			children = (
				18E23CA92A9FA2F600A8B0E0 /* NumberSelectionView.swift */,
				18E23CAB2A9FA33E00A8B0E0 /* NumberSelectionViewModel.swift */,
			);
			path = NumberSelection;
			sourceTree = "<group>";
		};
		18E23CAE2A9FA35300A8B0E0 /* DateSelection */ = {
			isa = PBXGroup;
			children = (
				18E23CA52A9F9E9200A8B0E0 /* DateSelectionView.swift */,
				18E23CA72A9F9EAD00A8B0E0 /* DateSelectionViewModel.swift */,
			);
			path = DateSelection;
			sourceTree = "<group>";
		};
		F9BF20CE2A6A896E006C0C49 = {
			isa = PBXGroup;
			children = (
				F9BF20D92A6A896E006C0C49 /* ShackleHotelBuddy */,
				F9BF20EA2A6A8971006C0C49 /* ShackleHotelBuddyTests */,
				F9BF20F42A6A8971006C0C49 /* ShackleHotelBuddyUITests */,
				F9BF20D82A6A896E006C0C49 /* Products */,
			);
			sourceTree = "<group>";
		};
		F9BF20D82A6A896E006C0C49 /* Products */ = {
			isa = PBXGroup;
			children = (
				F9BF20D72A6A896E006C0C49 /* ShackleHotelBuddy.app */,
				F9BF20E72A6A8971006C0C49 /* ShackleHotelBuddyTests.xctest */,
				F9BF20F12A6A8971006C0C49 /* ShackleHotelBuddyUITests.xctest */,
			);
			name = Products;
			sourceTree = "<group>";
		};
		F9BF20D92A6A896E006C0C49 /* ShackleHotelBuddy */ = {
			isa = PBXGroup;
			children = (
				18877B492A99ED2B00BAD5FC /* Models */,
				18877B482A99E90C00BAD5FC /* Endpoints */,
				18877B432A99E82C00BAD5FC /* Services */,
				18877B362A99E71000BAD5FC /* Networking */,
				F9BF20DA2A6A896E006C0C49 /* ShackleHotelBuddyApp.swift */,
				F9BF20DE2A6A8970006C0C49 /* Assets.xcassets */,
				18877B532A99FA0D00BAD5FC /* Views */,
				18877B582A9A149A00BAD5FC /* UIApplication+SafeArea.swift */,
				18A721242A9FBA6B0068C6FD /* MockPropertiesService.swift */,
				18A721262A9FBC690068C6FD /* Property.json */,
			);
			path = ShackleHotelBuddy;
			sourceTree = "<group>";
		};
		F9BF20EA2A6A8971006C0C49 /* ShackleHotelBuddyTests */ = {
			isa = PBXGroup;
			children = (
				F9BF20EB2A6A8971006C0C49 /* ShackleHotelBuddyTests.swift */,
				18877B5E2A9A426B00BAD5FC /* Networking */,
			);
			path = ShackleHotelBuddyTests;
			sourceTree = "<group>";
		};
		F9BF20F42A6A8971006C0C49 /* ShackleHotelBuddyUITests */ = {
			isa = PBXGroup;
			children = (
				F9BF20F52A6A8971006C0C49 /* ShackleHotelBuddyUITests.swift */,
				F9BF20F72A6A8971006C0C49 /* ShackleHotelBuddyUITestsLaunchTests.swift */,
			);
			path = ShackleHotelBuddyUITests;
			sourceTree = "<group>";
		};
/* End PBXGroup section */

/* Begin PBXNativeTarget section */
		F9BF20D62A6A896E006C0C49 /* ShackleHotelBuddy */ = {
			isa = PBXNativeTarget;
			buildConfigurationList = F9BF20FB2A6A8971006C0C49 /* Build configuration list for PBXNativeTarget "ShackleHotelBuddy" */;
			buildPhases = (
				F9BF20D32A6A896E006C0C49 /* Sources */,
				F9BF20D42A6A896E006C0C49 /* Frameworks */,
				F9BF20D52A6A896E006C0C49 /* Resources */,
			);
			buildRules = (
			);
			dependencies = (
			);
			name = ShackleHotelBuddy;
			productName = ShackleHotelBuddy;
			productReference = F9BF20D72A6A896E006C0C49 /* ShackleHotelBuddy.app */;
			productType = "com.apple.product-type.application";
		};
		F9BF20E62A6A8971006C0C49 /* ShackleHotelBuddyTests */ = {
			isa = PBXNativeTarget;
			buildConfigurationList = F9BF20FE2A6A8971006C0C49 /* Build configuration list for PBXNativeTarget "ShackleHotelBuddyTests" */;
			buildPhases = (
				F9BF20E32A6A8971006C0C49 /* Sources */,
				F9BF20E42A6A8971006C0C49 /* Frameworks */,
				F9BF20E52A6A8971006C0C49 /* Resources */,
			);
			buildRules = (
			);
			dependencies = (
				F9BF20E92A6A8971006C0C49 /* PBXTargetDependency */,
			);
			name = ShackleHotelBuddyTests;
			productName = ShackleHotelBuddyTests;
			productReference = F9BF20E72A6A8971006C0C49 /* ShackleHotelBuddyTests.xctest */;
			productType = "com.apple.product-type.bundle.unit-test";
		};
		F9BF20F02A6A8971006C0C49 /* ShackleHotelBuddyUITests */ = {
			isa = PBXNativeTarget;
			buildConfigurationList = F9BF21012A6A8971006C0C49 /* Build configuration list for PBXNativeTarget "ShackleHotelBuddyUITests" */;
			buildPhases = (
				F9BF20ED2A6A8971006C0C49 /* Sources */,
				F9BF20EE2A6A8971006C0C49 /* Frameworks */,
				F9BF20EF2A6A8971006C0C49 /* Resources */,
			);
			buildRules = (
			);
			dependencies = (
				F9BF20F32A6A8971006C0C49 /* PBXTargetDependency */,
			);
			name = ShackleHotelBuddyUITests;
			productName = ShackleHotelBuddyUITests;
			productReference = F9BF20F12A6A8971006C0C49 /* ShackleHotelBuddyUITests.xctest */;
			productType = "com.apple.product-type.bundle.ui-testing";
		};
/* End PBXNativeTarget section */

/* Begin PBXProject section */
		F9BF20CF2A6A896E006C0C49 /* Project object */ = {
			isa = PBXProject;
			attributes = {
				BuildIndependentTargetsInParallel = 1;
				LastSwiftUpdateCheck = 1420;
				LastUpgradeCheck = 1420;
				TargetAttributes = {
					F9BF20D62A6A896E006C0C49 = {
						CreatedOnToolsVersion = 14.2;
					};
					F9BF20E62A6A8971006C0C49 = {
						CreatedOnToolsVersion = 14.2;
						TestTargetID = F9BF20D62A6A896E006C0C49;
					};
					F9BF20F02A6A8971006C0C49 = {
						CreatedOnToolsVersion = 14.2;
						TestTargetID = F9BF20D62A6A896E006C0C49;
					};
				};
			};
			buildConfigurationList = F9BF20D22A6A896E006C0C49 /* Build configuration list for PBXProject "ShackleHotelBuddy" */;
			compatibilityVersion = "Xcode 14.0";
			developmentRegion = en;
			hasScannedForEncodings = 0;
			knownRegions = (
				en,
				Base,
			);
			mainGroup = F9BF20CE2A6A896E006C0C49;
			productRefGroup = F9BF20D82A6A896E006C0C49 /* Products */;
			projectDirPath = "";
			projectRoot = "";
			targets = (
				F9BF20D62A6A896E006C0C49 /* ShackleHotelBuddy */,
				F9BF20E62A6A8971006C0C49 /* ShackleHotelBuddyTests */,
				F9BF20F02A6A8971006C0C49 /* ShackleHotelBuddyUITests */,
			);
		};
/* End PBXProject section */

/* Begin PBXResourcesBuildPhase section */
		F9BF20D52A6A896E006C0C49 /* Resources */ = {
			isa = PBXResourcesBuildPhase;
			buildActionMask = 2147483647;
			files = (
				18A721272A9FBC690068C6FD /* Property.json in Resources */,
				F9BF20DF2A6A8970006C0C49 /* Assets.xcassets in Resources */,
			);
			runOnlyForDeploymentPostprocessing = 0;
		};
		F9BF20E52A6A8971006C0C49 /* Resources */ = {
			isa = PBXResourcesBuildPhase;
			buildActionMask = 2147483647;
			files = (
				18C8ED712A9A498A004CEE2A /* Response_Valid.json in Resources */,
			);
			runOnlyForDeploymentPostprocessing = 0;
		};
		F9BF20EF2A6A8971006C0C49 /* Resources */ = {
			isa = PBXResourcesBuildPhase;
			buildActionMask = 2147483647;
			files = (
			);
			runOnlyForDeploymentPostprocessing = 0;
		};
/* End PBXResourcesBuildPhase section */

/* Begin PBXSourcesBuildPhase section */
		F9BF20D32A6A896E006C0C49 /* Sources */ = {
			isa = PBXSourcesBuildPhase;
			buildActionMask = 2147483647;
			files = (
				18877B4B2A99ED4100BAD5FC /* PropertiesResponse.swift in Sources */,
				18877B402A99E73600BAD5FC /* Endpoint.swift in Sources */,
				18C8ED7B2A9E3486004CEE2A /* RangedSliderView.swift in Sources */,
				18877B3E2A99E73600BAD5FC /* URLSessionProtocol.swift in Sources */,
				18E23CAC2A9FA33E00A8B0E0 /* NumberSelectionViewModel.swift in Sources */,
				18E23CAA2A9FA2F600A8B0E0 /* NumberSelectionView.swift in Sources */,
				18C8ED792A9E344B004CEE2A /* RatingView.swift in Sources */,
				18877B5B2A9A294800BAD5FC /* ListBody.swift in Sources */,
				18877B512A99F88C00BAD5FC /* HotelListViewModel.swift in Sources */,
				18877B452A99E83A00BAD5FC /* PropertiesService.swift in Sources */,
				18877B592A9A149A00BAD5FC /* UIApplication+SafeArea.swift in Sources */,
				18877B3F2A99E73600BAD5FC /* NetworkError.swift in Sources */,
				18E23CA62A9F9E9200A8B0E0 /* DateSelectionView.swift in Sources */,
				18877B4F2A99F76000BAD5FC /* HotelListView.swift in Sources */,
				18877B472A99E8FA00BAD5FC /* PropertiesEndpoint.swift in Sources */,
				18E23CA82A9F9EAD00A8B0E0 /* DateSelectionViewModel.swift in Sources */,
				18C8ED752A9E331B004CEE2A /* FilterView.swift in Sources */,
				18877B3D2A99E73600BAD5FC /* NetworkClient.swift in Sources */,
				F9BF20DB2A6A896E006C0C49 /* ShackleHotelBuddyApp.swift in Sources */,
				18877B552A99FA3100BAD5FC /* HotelSearchView.swift in Sources */,
				18A721252A9FBA6B0068C6FD /* MockPropertiesService.swift in Sources */,
				18C8ED732A9A4F3B004CEE2A /* HotelRow.swift in Sources */,
				18877B4D2A99F22600BAD5FC /* Constants.swift in Sources */,
				18E23CA12A9F777400A8B0E0 /* HotelDetailsView.swift in Sources */,
				18877B572A99FB2800BAD5FC /* HotelSearchViewModel.swift in Sources */,
			);
			runOnlyForDeploymentPostprocessing = 0;
		};
		F9BF20E32A6A8971006C0C49 /* Sources */ = {
			isa = PBXSourcesBuildPhase;
			buildActionMask = 2147483647;
			files = (
				18877B612A9A428600BAD5FC /* URLSessionMock.swift in Sources */,
				F9BF20EC2A6A8971006C0C49 /* ShackleHotelBuddyTests.swift in Sources */,
				18877B5D2A9A418100BAD5FC /* NetworkClientTests.swift in Sources */,
			);
			runOnlyForDeploymentPostprocessing = 0;
		};
		F9BF20ED2A6A8971006C0C49 /* Sources */ = {
			isa = PBXSourcesBuildPhase;
			buildActionMask = 2147483647;
			files = (
				F9BF20F82A6A8971006C0C49 /* ShackleHotelBuddyUITestsLaunchTests.swift in Sources */,
				F9BF20F62A6A8971006C0C49 /* ShackleHotelBuddyUITests.swift in Sources */,
			);
			runOnlyForDeploymentPostprocessing = 0;
		};
/* End PBXSourcesBuildPhase section */

/* Begin PBXTargetDependency section */
		F9BF20E92A6A8971006C0C49 /* PBXTargetDependency */ = {
			isa = PBXTargetDependency;
			target = F9BF20D62A6A896E006C0C49 /* ShackleHotelBuddy */;
			targetProxy = F9BF20E82A6A8971006C0C49 /* PBXContainerItemProxy */;
		};
		F9BF20F32A6A8971006C0C49 /* PBXTargetDependency */ = {
			isa = PBXTargetDependency;
			target = F9BF20D62A6A896E006C0C49 /* ShackleHotelBuddy */;
			targetProxy = F9BF20F22A6A8971006C0C49 /* PBXContainerItemProxy */;
		};
/* End PBXTargetDependency section */

/* Begin XCBuildConfiguration section */
		F9BF20F92A6A8971006C0C49 /* Debug */ = {
			isa = XCBuildConfiguration;
			buildSettings = {
				ALWAYS_SEARCH_USER_PATHS = NO;
				CLANG_ANALYZER_NONNULL = YES;
				CLANG_ANALYZER_NUMBER_OBJECT_CONVERSION = YES_AGGRESSIVE;
				CLANG_CXX_LANGUAGE_STANDARD = "gnu++20";
				CLANG_ENABLE_MODULES = YES;
				CLANG_ENABLE_OBJC_ARC = YES;
				CLANG_ENABLE_OBJC_WEAK = YES;
				CLANG_WARN_BLOCK_CAPTURE_AUTORELEASING = YES;
				CLANG_WARN_BOOL_CONVERSION = YES;
				CLANG_WARN_COMMA = YES;
				CLANG_WARN_CONSTANT_CONVERSION = YES;
				CLANG_WARN_DEPRECATED_OBJC_IMPLEMENTATIONS = YES;
				CLANG_WARN_DIRECT_OBJC_ISA_USAGE = YES_ERROR;
				CLANG_WARN_DOCUMENTATION_COMMENTS = YES;
				CLANG_WARN_EMPTY_BODY = YES;
				CLANG_WARN_ENUM_CONVERSION = YES;
				CLANG_WARN_INFINITE_RECURSION = YES;
				CLANG_WARN_INT_CONVERSION = YES;
				CLANG_WARN_NON_LITERAL_NULL_CONVERSION = YES;
				CLANG_WARN_OBJC_IMPLICIT_RETAIN_SELF = YES;
				CLANG_WARN_OBJC_LITERAL_CONVERSION = YES;
				CLANG_WARN_OBJC_ROOT_CLASS = YES_ERROR;
				CLANG_WARN_QUOTED_INCLUDE_IN_FRAMEWORK_HEADER = YES;
				CLANG_WARN_RANGE_LOOP_ANALYSIS = YES;
				CLANG_WARN_STRICT_PROTOTYPES = YES;
				CLANG_WARN_SUSPICIOUS_MOVE = YES;
				CLANG_WARN_UNGUARDED_AVAILABILITY = YES_AGGRESSIVE;
				CLANG_WARN_UNREACHABLE_CODE = YES;
				CLANG_WARN__DUPLICATE_METHOD_MATCH = YES;
				COPY_PHASE_STRIP = NO;
				DEBUG_INFORMATION_FORMAT = dwarf;
				ENABLE_STRICT_OBJC_MSGSEND = YES;
				ENABLE_TESTABILITY = YES;
				GCC_C_LANGUAGE_STANDARD = gnu11;
				GCC_DYNAMIC_NO_PIC = NO;
				GCC_NO_COMMON_BLOCKS = YES;
				GCC_OPTIMIZATION_LEVEL = 0;
				GCC_PREPROCESSOR_DEFINITIONS = (
					"DEBUG=1",
					"$(inherited)",
				);
				GCC_WARN_64_TO_32_BIT_CONVERSION = YES;
				GCC_WARN_ABOUT_RETURN_TYPE = YES_ERROR;
				GCC_WARN_UNDECLARED_SELECTOR = YES;
				GCC_WARN_UNINITIALIZED_AUTOS = YES_AGGRESSIVE;
				GCC_WARN_UNUSED_FUNCTION = YES;
				GCC_WARN_UNUSED_VARIABLE = YES;
				IPHONEOS_DEPLOYMENT_TARGET = 16.2;
				MTL_ENABLE_DEBUG_INFO = INCLUDE_SOURCE;
				MTL_FAST_MATH = YES;
				ONLY_ACTIVE_ARCH = YES;
				SDKROOT = iphoneos;
				SWIFT_ACTIVE_COMPILATION_CONDITIONS = DEBUG;
				SWIFT_OPTIMIZATION_LEVEL = "-Onone";
			};
			name = Debug;
		};
		F9BF20FA2A6A8971006C0C49 /* Release */ = {
			isa = XCBuildConfiguration;
			buildSettings = {
				ALWAYS_SEARCH_USER_PATHS = NO;
				CLANG_ANALYZER_NONNULL = YES;
				CLANG_ANALYZER_NUMBER_OBJECT_CONVERSION = YES_AGGRESSIVE;
				CLANG_CXX_LANGUAGE_STANDARD = "gnu++20";
				CLANG_ENABLE_MODULES = YES;
				CLANG_ENABLE_OBJC_ARC = YES;
				CLANG_ENABLE_OBJC_WEAK = YES;
				CLANG_WARN_BLOCK_CAPTURE_AUTORELEASING = YES;
				CLANG_WARN_BOOL_CONVERSION = YES;
				CLANG_WARN_COMMA = YES;
				CLANG_WARN_CONSTANT_CONVERSION = YES;
				CLANG_WARN_DEPRECATED_OBJC_IMPLEMENTATIONS = YES;
				CLANG_WARN_DIRECT_OBJC_ISA_USAGE = YES_ERROR;
				CLANG_WARN_DOCUMENTATION_COMMENTS = YES;
				CLANG_WARN_EMPTY_BODY = YES;
				CLANG_WARN_ENUM_CONVERSION = YES;
				CLANG_WARN_INFINITE_RECURSION = YES;
				CLANG_WARN_INT_CONVERSION = YES;
				CLANG_WARN_NON_LITERAL_NULL_CONVERSION = YES;
				CLANG_WARN_OBJC_IMPLICIT_RETAIN_SELF = YES;
				CLANG_WARN_OBJC_LITERAL_CONVERSION = YES;
				CLANG_WARN_OBJC_ROOT_CLASS = YES_ERROR;
				CLANG_WARN_QUOTED_INCLUDE_IN_FRAMEWORK_HEADER = YES;
				CLANG_WARN_RANGE_LOOP_ANALYSIS = YES;
				CLANG_WARN_STRICT_PROTOTYPES = YES;
				CLANG_WARN_SUSPICIOUS_MOVE = YES;
				CLANG_WARN_UNGUARDED_AVAILABILITY = YES_AGGRESSIVE;
				CLANG_WARN_UNREACHABLE_CODE = YES;
				CLANG_WARN__DUPLICATE_METHOD_MATCH = YES;
				COPY_PHASE_STRIP = NO;
				DEBUG_INFORMATION_FORMAT = "dwarf-with-dsym";
				ENABLE_NS_ASSERTIONS = NO;
				ENABLE_STRICT_OBJC_MSGSEND = YES;
				GCC_C_LANGUAGE_STANDARD = gnu11;
				GCC_NO_COMMON_BLOCKS = YES;
				GCC_WARN_64_TO_32_BIT_CONVERSION = YES;
				GCC_WARN_ABOUT_RETURN_TYPE = YES_ERROR;
				GCC_WARN_UNDECLARED_SELECTOR = YES;
				GCC_WARN_UNINITIALIZED_AUTOS = YES_AGGRESSIVE;
				GCC_WARN_UNUSED_FUNCTION = YES;
				GCC_WARN_UNUSED_VARIABLE = YES;
				IPHONEOS_DEPLOYMENT_TARGET = 16.2;
				MTL_ENABLE_DEBUG_INFO = NO;
				MTL_FAST_MATH = YES;
				SDKROOT = iphoneos;
				SWIFT_COMPILATION_MODE = wholemodule;
				SWIFT_OPTIMIZATION_LEVEL = "-O";
				VALIDATE_PRODUCT = YES;
			};
			name = Release;
		};
		F9BF20FC2A6A8971006C0C49 /* Debug */ = {
			isa = XCBuildConfiguration;
			buildSettings = {
				ASSETCATALOG_COMPILER_APPICON_NAME = AppIcon;
				ASSETCATALOG_COMPILER_GLOBAL_ACCENT_COLOR_NAME = AccentColor;
				CODE_SIGN_STYLE = Automatic;
				CURRENT_PROJECT_VERSION = 1;
				DEVELOPMENT_TEAM = PK9QN6B6L5;
				ENABLE_PREVIEWS = YES;
				GENERATE_INFOPLIST_FILE = YES;
				INFOPLIST_KEY_UIApplicationSceneManifest_Generation = YES;
				INFOPLIST_KEY_UIApplicationSupportsIndirectInputEvents = YES;
				INFOPLIST_KEY_UILaunchScreen_Generation = YES;
				INFOPLIST_KEY_UISupportedInterfaceOrientations = UIInterfaceOrientationPortrait;
				INFOPLIST_KEY_UISupportedInterfaceOrientations_iPad = "UIInterfaceOrientationLandscapeLeft UIInterfaceOrientationLandscapeRight UIInterfaceOrientationPortrait UIInterfaceOrientationPortraitUpsideDown";
				IPHONEOS_DEPLOYMENT_TARGET = 15.0;
				LD_RUNPATH_SEARCH_PATHS = (
					"$(inherited)",
					"@executable_path/Frameworks",
				);
				MARKETING_VERSION = 1.0;
				PRODUCT_BUNDLE_IDENTIFIER = com.exploreshackle.iosinterview.ShackleHotelBuddy;
				PRODUCT_NAME = "$(TARGET_NAME)";
				SUPPORTED_PLATFORMS = "iphoneos iphonesimulator";
				SUPPORTS_MACCATALYST = NO;
				SUPPORTS_MAC_DESIGNED_FOR_IPHONE_IPAD = NO;
				SWIFT_EMIT_LOC_STRINGS = YES;
				SWIFT_VERSION = 5.0;
				TARGETED_DEVICE_FAMILY = 1;
			};
			name = Debug;
		};
		F9BF20FD2A6A8971006C0C49 /* Release */ = {
			isa = XCBuildConfiguration;
			buildSettings = {
				ASSETCATALOG_COMPILER_APPICON_NAME = AppIcon;
				ASSETCATALOG_COMPILER_GLOBAL_ACCENT_COLOR_NAME = AccentColor;
				CODE_SIGN_STYLE = Automatic;
				CURRENT_PROJECT_VERSION = 1;
				DEVELOPMENT_TEAM = PK9QN6B6L5;
				ENABLE_PREVIEWS = YES;
				GENERATE_INFOPLIST_FILE = YES;
				INFOPLIST_KEY_UIApplicationSceneManifest_Generation = YES;
				INFOPLIST_KEY_UIApplicationSupportsIndirectInputEvents = YES;
				INFOPLIST_KEY_UILaunchScreen_Generation = YES;
				INFOPLIST_KEY_UISupportedInterfaceOrientations = UIInterfaceOrientationPortrait;
				INFOPLIST_KEY_UISupportedInterfaceOrientations_iPad = "UIInterfaceOrientationLandscapeLeft UIInterfaceOrientationLandscapeRight UIInterfaceOrientationPortrait UIInterfaceOrientationPortraitUpsideDown";
				IPHONEOS_DEPLOYMENT_TARGET = 15.0;
				LD_RUNPATH_SEARCH_PATHS = (
					"$(inherited)",
					"@executable_path/Frameworks",
				);
				MARKETING_VERSION = 1.0;
				PRODUCT_BUNDLE_IDENTIFIER = com.exploreshackle.iosinterview.ShackleHotelBuddy;
				PRODUCT_NAME = "$(TARGET_NAME)";
				SUPPORTED_PLATFORMS = "iphoneos iphonesimulator";
				SUPPORTS_MACCATALYST = NO;
				SUPPORTS_MAC_DESIGNED_FOR_IPHONE_IPAD = NO;
				SWIFT_EMIT_LOC_STRINGS = YES;
				SWIFT_VERSION = 5.0;
				TARGETED_DEVICE_FAMILY = 1;
			};
			name = Release;
		};
		F9BF20FF2A6A8971006C0C49 /* Debug */ = {
			isa = XCBuildConfiguration;
			buildSettings = {
				ALWAYS_EMBED_SWIFT_STANDARD_LIBRARIES = YES;
				BUNDLE_LOADER = "$(TEST_HOST)";
				CODE_SIGN_STYLE = Automatic;
				CURRENT_PROJECT_VERSION = 1;
				DEVELOPMENT_TEAM = PK9QN6B6L5;
				GENERATE_INFOPLIST_FILE = YES;
				IPHONEOS_DEPLOYMENT_TARGET = 16.2;
				MARKETING_VERSION = 1.0;
				PRODUCT_BUNDLE_IDENTIFIER = com.exploreshackle.iosinterview.ShackleHotelBuddyTests;
				PRODUCT_NAME = "$(TARGET_NAME)";
				SWIFT_EMIT_LOC_STRINGS = NO;
				SWIFT_VERSION = 5.0;
				TARGETED_DEVICE_FAMILY = "1,2";
				TEST_HOST = "$(BUILT_PRODUCTS_DIR)/ShackleHotelBuddy.app/$(BUNDLE_EXECUTABLE_FOLDER_PATH)/ShackleHotelBuddy";
			};
			name = Debug;
		};
		F9BF21002A6A8971006C0C49 /* Release */ = {
			isa = XCBuildConfiguration;
			buildSettings = {
				ALWAYS_EMBED_SWIFT_STANDARD_LIBRARIES = YES;
				BUNDLE_LOADER = "$(TEST_HOST)";
				CODE_SIGN_STYLE = Automatic;
				CURRENT_PROJECT_VERSION = 1;
				DEVELOPMENT_TEAM = PK9QN6B6L5;
				GENERATE_INFOPLIST_FILE = YES;
				IPHONEOS_DEPLOYMENT_TARGET = 16.2;
				MARKETING_VERSION = 1.0;
				PRODUCT_BUNDLE_IDENTIFIER = com.exploreshackle.iosinterview.ShackleHotelBuddyTests;
				PRODUCT_NAME = "$(TARGET_NAME)";
				SWIFT_EMIT_LOC_STRINGS = NO;
				SWIFT_VERSION = 5.0;
				TARGETED_DEVICE_FAMILY = "1,2";
				TEST_HOST = "$(BUILT_PRODUCTS_DIR)/ShackleHotelBuddy.app/$(BUNDLE_EXECUTABLE_FOLDER_PATH)/ShackleHotelBuddy";
			};
			name = Release;
		};
		F9BF21022A6A8971006C0C49 /* Debug */ = {
			isa = XCBuildConfiguration;
			buildSettings = {
				ALWAYS_EMBED_SWIFT_STANDARD_LIBRARIES = YES;
				CODE_SIGN_STYLE = Automatic;
				CURRENT_PROJECT_VERSION = 1;
				DEVELOPMENT_TEAM = PK9QN6B6L5;
				GENERATE_INFOPLIST_FILE = YES;
				MARKETING_VERSION = 1.0;
				PRODUCT_BUNDLE_IDENTIFIER = com.exploreshackle.iosinterview.ShackleHotelBuddyUITests;
				PRODUCT_NAME = "$(TARGET_NAME)";
				SWIFT_EMIT_LOC_STRINGS = NO;
				SWIFT_VERSION = 5.0;
				TARGETED_DEVICE_FAMILY = "1,2";
				TEST_TARGET_NAME = ShackleHotelBuddy;
			};
			name = Debug;
		};
		F9BF21032A6A8971006C0C49 /* Release */ = {
			isa = XCBuildConfiguration;
			buildSettings = {
				ALWAYS_EMBED_SWIFT_STANDARD_LIBRARIES = YES;
				CODE_SIGN_STYLE = Automatic;
				CURRENT_PROJECT_VERSION = 1;
				DEVELOPMENT_TEAM = PK9QN6B6L5;
				GENERATE_INFOPLIST_FILE = YES;
				MARKETING_VERSION = 1.0;
				PRODUCT_BUNDLE_IDENTIFIER = com.exploreshackle.iosinterview.ShackleHotelBuddyUITests;
				PRODUCT_NAME = "$(TARGET_NAME)";
				SWIFT_EMIT_LOC_STRINGS = NO;
				SWIFT_VERSION = 5.0;
				TARGETED_DEVICE_FAMILY = "1,2";
				TEST_TARGET_NAME = ShackleHotelBuddy;
			};
			name = Release;
		};
/* End XCBuildConfiguration section */

/* Begin XCConfigurationList section */
		F9BF20D22A6A896E006C0C49 /* Build configuration list for PBXProject "ShackleHotelBuddy" */ = {
			isa = XCConfigurationList;
			buildConfigurations = (
				F9BF20F92A6A8971006C0C49 /* Debug */,
				F9BF20FA2A6A8971006C0C49 /* Release */,
			);
			defaultConfigurationIsVisible = 0;
			defaultConfigurationName = Release;
		};
		F9BF20FB2A6A8971006C0C49 /* Build configuration list for PBXNativeTarget "ShackleHotelBuddy" */ = {
			isa = XCConfigurationList;
			buildConfigurations = (
				F9BF20FC2A6A8971006C0C49 /* Debug */,
				F9BF20FD2A6A8971006C0C49 /* Release */,
			);
			defaultConfigurationIsVisible = 0;
			defaultConfigurationName = Release;
		};
		F9BF20FE2A6A8971006C0C49 /* Build configuration list for PBXNativeTarget "ShackleHotelBuddyTests" */ = {
			isa = XCConfigurationList;
			buildConfigurations = (
				F9BF20FF2A6A8971006C0C49 /* Debug */,
				F9BF21002A6A8971006C0C49 /* Release */,
			);
			defaultConfigurationIsVisible = 0;
			defaultConfigurationName = Release;
		};
		F9BF21012A6A8971006C0C49 /* Build configuration list for PBXNativeTarget "ShackleHotelBuddyUITests" */ = {
			isa = XCConfigurationList;
			buildConfigurations = (
				F9BF21022A6A8971006C0C49 /* Debug */,
				F9BF21032A6A8971006C0C49 /* Release */,
			);
			defaultConfigurationIsVisible = 0;
			defaultConfigurationName = Release;
		};
/* End XCConfigurationList section */
	};
	rootObject = F9BF20CF2A6A896E006C0C49 /* Project object */;
}
